// !$*UTF8*$!
{
	archiveVersion = 1;
	classes = {
	};
	objectVersion = 55;
	objects = {

/* Begin PBXBuildFile section */
		13DBAAEA2875B58500A251D3 /* AppDelegate.swift in Sources */ = {isa = PBXBuildFile; fileRef = 13DBAAE92875B58500A251D3 /* AppDelegate.swift */; };
		13DBAAEC2875B58500A251D3 /* SceneDelegate.swift in Sources */ = {isa = PBXBuildFile; fileRef = 13DBAAEB2875B58500A251D3 /* SceneDelegate.swift */; };
		13DBAAEE2875B58500A251D3 /* View.swift in Sources */ = {isa = PBXBuildFile; fileRef = 13DBAAED2875B58500A251D3 /* View.swift */; };
		13DBAAF32875B58600A251D3 /* Assets.xcassets in Resources */ = {isa = PBXBuildFile; fileRef = 13DBAAF22875B58600A251D3 /* Assets.xcassets */; };
		13DBAAF62875B58600A251D3 /* LaunchScreen.storyboard in Resources */ = {isa = PBXBuildFile; fileRef = 13DBAAF42875B58600A251D3 /* LaunchScreen.storyboard */; };
		13DBAAFE2875D5A100A251D3 /* ViewElements.swift in Sources */ = {isa = PBXBuildFile; fileRef = 13DBAAFD2875D5A100A251D3 /* ViewElements.swift */; };
		13DBAB002875D6CE00A251D3 /* ViewModel.swift in Sources */ = {isa = PBXBuildFile; fileRef = 13DBAAFF2875D6CE00A251D3 /* ViewModel.swift */; };
		13DBAB022875D7FC00A251D3 /* View+Constraints.swift in Sources */ = {isa = PBXBuildFile; fileRef = 13DBAB012875D7FC00A251D3 /* View+Constraints.swift */; };
/* End PBXBuildFile section */

/* Begin PBXFileReference section */
		13DBAAE62875B58500A251D3 /* JokenpoViewCode2.0.app */ = {isa = PBXFileReference; explicitFileType = wrapper.application; includeInIndex = 0; path = JokenpoViewCode2.0.app; sourceTree = BUILT_PRODUCTS_DIR; };
		13DBAAE92875B58500A251D3 /* AppDelegate.swift */ = {isa = PBXFileReference; lastKnownFileType = sourcecode.swift; path = AppDelegate.swift; sourceTree = "<group>"; };
		13DBAAEB2875B58500A251D3 /* SceneDelegate.swift */ = {isa = PBXFileReference; lastKnownFileType = sourcecode.swift; path = SceneDelegate.swift; sourceTree = "<group>"; };
		13DBAAED2875B58500A251D3 /* View.swift */ = {isa = PBXFileReference; lastKnownFileType = sourcecode.swift; path = View.swift; sourceTree = "<group>"; };
		13DBAAF22875B58600A251D3 /* Assets.xcassets */ = {isa = PBXFileReference; lastKnownFileType = folder.assetcatalog; path = Assets.xcassets; sourceTree = "<group>"; };
		13DBAAF52875B58600A251D3 /* Base */ = {isa = PBXFileReference; lastKnownFileType = file.storyboard; name = Base; path = Base.lproj/LaunchScreen.storyboard; sourceTree = "<group>"; };
		13DBAAF72875B58600A251D3 /* Info.plist */ = {isa = PBXFileReference; lastKnownFileType = text.plist.xml; path = Info.plist; sourceTree = "<group>"; };
		13DBAAFD2875D5A100A251D3 /* ViewElements.swift */ = {isa = PBXFileReference; lastKnownFileType = sourcecode.swift; path = ViewElements.swift; sourceTree = "<group>"; };
		13DBAAFF2875D6CE00A251D3 /* ViewModel.swift */ = {isa = PBXFileReference; lastKnownFileType = sourcecode.swift; path = ViewModel.swift; sourceTree = "<group>"; };
		13DBAB012875D7FC00A251D3 /* View+Constraints.swift */ = {isa = PBXFileReference; lastKnownFileType = sourcecode.swift; path = "View+Constraints.swift"; sourceTree = "<group>"; };
/* End PBXFileReference section */

/* Begin PBXFrameworksBuildPhase section */
		13DBAAE32875B58500A251D3 /* Frameworks */ = {
			isa = PBXFrameworksBuildPhase;
			buildActionMask = 2147483647;
			files = (
			);
			runOnlyForDeploymentPostprocessing = 0;
		};
/* End PBXFrameworksBuildPhase section */

/* Begin PBXGroup section */
		13DBAADD2875B58500A251D3 = {
			isa = PBXGroup;
			children = (
				13DBAAE82875B58500A251D3 /* JokenpoViewCode2.0 */,
				13DBAAE72875B58500A251D3 /* Products */,
			);
			sourceTree = "<group>";
		};
		13DBAAE72875B58500A251D3 /* Products */ = {
			isa = PBXGroup;
			children = (
				13DBAAE62875B58500A251D3 /* JokenpoViewCode2.0.app */,
			);
			name = Products;
			sourceTree = "<group>";
		};
		13DBAAE82875B58500A251D3 /* JokenpoViewCode2.0 */ = {
			isa = PBXGroup;
			children = (
				13DBAAE92875B58500A251D3 /* AppDelegate.swift */,
				13DBAAEB2875B58500A251D3 /* SceneDelegate.swift */,
				13DBAAFF2875D6CE00A251D3 /* ViewModel.swift */,
				13DBAAED2875B58500A251D3 /* View.swift */,
				13DBAAFD2875D5A100A251D3 /* ViewElements.swift */,
				13DBAB012875D7FC00A251D3 /* View+Constraints.swift */,
				13DBAAF22875B58600A251D3 /* Assets.xcassets */,
				13DBAAF42875B58600A251D3 /* LaunchScreen.storyboard */,
				13DBAAF72875B58600A251D3 /* Info.plist */,
			);
			path = JokenpoViewCode2.0;
			sourceTree = "<group>";
		};
/* End PBXGroup section */

/* Begin PBXNativeTarget section */
		13DBAAE52875B58500A251D3 /* JokenpoViewCode2.0 */ = {
			isa = PBXNativeTarget;
			buildConfigurationList = 13DBAAFA2875B58600A251D3 /* Build configuration list for PBXNativeTarget "JokenpoViewCode2.0" */;
			buildPhases = (
				13DBAAE22875B58500A251D3 /* Sources */,
				13DBAAE32875B58500A251D3 /* Frameworks */,
				13DBAAE42875B58500A251D3 /* Resources */,
			);
			buildRules = (
			);
			dependencies = (
			);
			name = JokenpoViewCode2.0;
			productName = JokenpoViewCode2.0;
			productReference = 13DBAAE62875B58500A251D3 /* JokenpoViewCode2.0.app */;
			productType = "com.apple.product-type.application";
		};
/* End PBXNativeTarget section */

/* Begin PBXProject section */
		13DBAADE2875B58500A251D3 /* Project object */ = {
			isa = PBXProject;
			attributes = {
				BuildIndependentTargetsInParallel = 1;
				LastSwiftUpdateCheck = 1340;
				LastUpgradeCheck = 1340;
				TargetAttributes = {
					13DBAAE52875B58500A251D3 = {
						CreatedOnToolsVersion = 13.4.1;
					};
				};
			};
			buildConfigurationList = 13DBAAE12875B58500A251D3 /* Build configuration list for PBXProject "JokenpoViewCode2.0" */;
			compatibilityVersion = "Xcode 13.0";
			developmentRegion = en;
			hasScannedForEncodings = 0;
			knownRegions = (
				en,
				Base,
			);
			mainGroup = 13DBAADD2875B58500A251D3;
			productRefGroup = 13DBAAE72875B58500A251D3 /* Products */;
			projectDirPath = "";
			projectRoot = "";
			targets = (
				13DBAAE52875B58500A251D3 /* JokenpoViewCode2.0 */,
			);
		};
/* End PBXProject section */

/* Begin PBXResourcesBuildPhase section */
		13DBAAE42875B58500A251D3 /* Resources */ = {
			isa = PBXResourcesBuildPhase;
			buildActionMask = 2147483647;
			files = (
				13DBAAF62875B58600A251D3 /* LaunchScreen.storyboard in Resources */,
				13DBAAF32875B58600A251D3 /* Assets.xcassets in Resources */,
			);
			runOnlyForDeploymentPostprocessing = 0;
		};
/* End PBXResourcesBuildPhase section */

/* Begin PBXSourcesBuildPhase section */
		13DBAAE22875B58500A251D3 /* Sources */ = {
			isa = PBXSourcesBuildPhase;
			buildActionMask = 2147483647;
			files = (
				13DBAB002875D6CE00A251D3 /* ViewModel.swift in Sources */,
				13DBAB022875D7FC00A251D3 /* View+Constraints.swift in Sources */,
				13DBAAEE2875B58500A251D3 /* View.swift in Sources */,
				13DBAAFE2875D5A100A251D3 /* ViewElements.swift in Sources */,
				13DBAAEA2875B58500A251D3 /* AppDelegate.swift in Sources */,
				13DBAAEC2875B58500A251D3 /* SceneDelegate.swift in Sources */,
			);
			runOnlyForDeploymentPostprocessing = 0;
		};
/* End PBXSourcesBuildPhase section */

/* Begin PBXVariantGroup section */
		13DBAAF42875B58600A251D3 /* LaunchScreen.storyboard */ = {
			isa = PBXVariantGroup;
			children = (
				13DBAAF52875B58600A251D3 /* Base */,
			);
			name = LaunchScreen.storyboard;
			sourceTree = "<group>";
		};
/* End PBXVariantGroup section */

/* Begin XCBuildConfiguration section */
		13DBAAF82875B58600A251D3 /* Debug */ = {
			isa = XCBuildConfiguration;
			buildSettings = {
				ALWAYS_SEARCH_USER_PATHS = NO;
				CLANG_ANALYZER_NONNULL = YES;
				CLANG_ANALYZER_NUMBER_OBJECT_CONVERSION = YES_AGGRESSIVE;
				CLANG_CXX_LANGUAGE_STANDARD = "gnu++17";
				CLANG_ENABLE_MODULES = YES;
				CLANG_ENABLE_OBJC_ARC = YES;
				CLANG_ENABLE_OBJC_WEAK = YES;
				CLANG_WARN_BLOCK_CAPTURE_AUTORELEASING = YES;
				CLANG_WARN_BOOL_CONVERSION = YES;
				CLANG_WARN_COMMA = YES;
				CLANG_WARN_CONSTANT_CONVERSION = YES;
				CLANG_WARN_DEPRECATED_OBJC_IMPLEMENTATIONS = YES;
				CLANG_WARN_DIRECT_OBJC_ISA_USAGE = YES_ERROR;
				CLANG_WARN_DOCUMENTATION_COMMENTS = YES;
				CLANG_WARN_EMPTY_BODY = YES;
				CLANG_WARN_ENUM_CONVERSION = YES;
				CLANG_WARN_INFINITE_RECURSION = YES;
				CLANG_WARN_INT_CONVERSION = YES;
				CLANG_WARN_NON_LITERAL_NULL_CONVERSION = YES;
				CLANG_WARN_OBJC_IMPLICIT_RETAIN_SELF = YES;
				CLANG_WARN_OBJC_LITERAL_CONVERSION = YES;
				CLANG_WARN_OBJC_ROOT_CLASS = YES_ERROR;
				CLANG_WARN_QUOTED_INCLUDE_IN_FRAMEWORK_HEADER = YES;
				CLANG_WARN_RANGE_LOOP_ANALYSIS = YES;
				CLANG_WARN_STRICT_PROTOTYPES = YES;
				CLANG_WARN_SUSPICIOUS_MOVE = YES;
				CLANG_WARN_UNGUARDED_AVAILABILITY = YES_AGGRESSIVE;
				CLANG_WARN_UNREACHABLE_CODE = YES;
				CLANG_WARN__DUPLICATE_METHOD_MATCH = YES;
				COPY_PHASE_STRIP = NO;
				DEBUG_INFORMATION_FORMAT = dwarf;
				ENABLE_STRICT_OBJC_MSGSEND = YES;
				ENABLE_TESTABILITY = YES;
				GCC_C_LANGUAGE_STANDARD = gnu11;
				GCC_DYNAMIC_NO_PIC = NO;
				GCC_NO_COMMON_BLOCKS = YES;
				GCC_OPTIMIZATION_LEVEL = 0;
				GCC_PREPROCESSOR_DEFINITIONS = (
					"DEBUG=1",
					"$(inherited)",
				);
				GCC_WARN_64_TO_32_BIT_CONVERSION = YES;
				GCC_WARN_ABOUT_RETURN_TYPE = YES_ERROR;
				GCC_WARN_UNDECLARED_SELECTOR = YES;
				GCC_WARN_UNINITIALIZED_AUTOS = YES_AGGRESSIVE;
				GCC_WARN_UNUSED_FUNCTION = YES;
				GCC_WARN_UNUSED_VARIABLE = YES;
				IPHONEOS_DEPLOYMENT_TARGET = 15.5;
				MTL_ENABLE_DEBUG_INFO = INCLUDE_SOURCE;
				MTL_FAST_MATH = YES;
				ONLY_ACTIVE_ARCH = YES;
				SDKROOT = iphoneos;
				SWIFT_ACTIVE_COMPILATION_CONDITIONS = DEBUG;
				SWIFT_OPTIMIZATION_LEVEL = "-Onone";
			};
			name = Debug;
		};
		13DBAAF92875B58600A251D3 /* Release */ = {
			isa = XCBuildConfiguration;
			buildSettings = {
				ALWAYS_SEARCH_USER_PATHS = NO;
				CLANG_ANALYZER_NONNULL = YES;
				CLANG_ANALYZER_NUMBER_OBJECT_CONVERSION = YES_AGGRESSIVE;
				CLANG_CXX_LANGUAGE_STANDARD = "gnu++17";
				CLANG_ENABLE_MODULES = YES;
				CLANG_ENABLE_OBJC_ARC = YES;
				CLANG_ENABLE_OBJC_WEAK = YES;
				CLANG_WARN_BLOCK_CAPTURE_AUTORELEASING = YES;
				CLANG_WARN_BOOL_CONVERSION = YES;
				CLANG_WARN_COMMA = YES;
				CLANG_WARN_CONSTANT_CONVERSION = YES;
				CLANG_WARN_DEPRECATED_OBJC_IMPLEMENTATIONS = YES;
				CLANG_WARN_DIRECT_OBJC_ISA_USAGE = YES_ERROR;
				CLANG_WARN_DOCUMENTATION_COMMENTS = YES;
				CLANG_WARN_EMPTY_BODY = YES;
				CLANG_WARN_ENUM_CONVERSION = YES;
				CLANG_WARN_INFINITE_RECURSION = YES;
				CLANG_WARN_INT_CONVERSION = YES;
				CLANG_WARN_NON_LITERAL_NULL_CONVERSION = YES;
				CLANG_WARN_OBJC_IMPLICIT_RETAIN_SELF = YES;
				CLANG_WARN_OBJC_LITERAL_CONVERSION = YES;
				CLANG_WARN_OBJC_ROOT_CLASS = YES_ERROR;
				CLANG_WARN_QUOTED_INCLUDE_IN_FRAMEWORK_HEADER = YES;
				CLANG_WARN_RANGE_LOOP_ANALYSIS = YES;
				CLANG_WARN_STRICT_PROTOTYPES = YES;
				CLANG_WARN_SUSPICIOUS_MOVE = YES;
				CLANG_WARN_UNGUARDED_AVAILABILITY = YES_AGGRESSIVE;
				CLANG_WARN_UNREACHABLE_CODE = YES;
				CLANG_WARN__DUPLICATE_METHOD_MATCH = YES;
				COPY_PHASE_STRIP = NO;
				DEBUG_INFORMATION_FORMAT = "dwarf-with-dsym";
				ENABLE_NS_ASSERTIONS = NO;
				ENABLE_STRICT_OBJC_MSGSEND = YES;
				GCC_C_LANGUAGE_STANDARD = gnu11;
				GCC_NO_COMMON_BLOCKS = YES;
				GCC_WARN_64_TO_32_BIT_CONVERSION = YES;
				GCC_WARN_ABOUT_RETURN_TYPE = YES_ERROR;
				GCC_WARN_UNDECLARED_SELECTOR = YES;
				GCC_WARN_UNINITIALIZED_AUTOS = YES_AGGRESSIVE;
				GCC_WARN_UNUSED_FUNCTION = YES;
				GCC_WARN_UNUSED_VARIABLE = YES;
				IPHONEOS_DEPLOYMENT_TARGET = 15.5;
				MTL_ENABLE_DEBUG_INFO = NO;
				MTL_FAST_MATH = YES;
				SDKROOT = iphoneos;
				SWIFT_COMPILATION_MODE = wholemodule;
				SWIFT_OPTIMIZATION_LEVEL = "-O";
				VALIDATE_PRODUCT = YES;
			};
			name = Release;
		};
		13DBAAFB2875B58600A251D3 /* Debug */ = {
			isa = XCBuildConfiguration;
			buildSettings = {
				ASSETCATALOG_COMPILER_APPICON_NAME = AppIcon;
				ASSETCATALOG_COMPILER_GLOBAL_ACCENT_COLOR_NAME = AccentColor;
				CODE_SIGN_STYLE = Automatic;
				CURRENT_PROJECT_VERSION = 1;
				GENERATE_INFOPLIST_FILE = YES;
				INFOPLIST_FILE = JokenpoViewCode2.0/Info.plist;
				INFOPLIST_KEY_UIApplicationSupportsIndirectInputEvents = YES;
				INFOPLIST_KEY_UILaunchStoryboardName = LaunchScreen;
				INFOPLIST_KEY_UISupportedInterfaceOrientations_iPad = "UIInterfaceOrientationPortrait UIInterfaceOrientationPortraitUpsideDown UIInterfaceOrientationLandscapeLeft UIInterfaceOrientationLandscapeRight";
				INFOPLIST_KEY_UISupportedInterfaceOrientations_iPhone = "UIInterfaceOrientationPortrait UIInterfaceOrientationLandscapeLeft UIInterfaceOrientationLandscapeRight";
				LD_RUNPATH_SEARCH_PATHS = (
					"$(inherited)",
					"@executable_path/Frameworks",
				);
				MARKETING_VERSION = 1.0;
				PRODUCT_BUNDLE_IDENTIFIER = "Heloisa.JokenpoViewCode2-0";
				PRODUCT_NAME = "$(TARGET_NAME)";
				SWIFT_EMIT_LOC_STRINGS = YES;
				SWIFT_VERSION = 5.0;
				TARGETED_DEVICE_FAMILY = "1,2";
			};
			name = Debug;
		};
		13DBAAFC2875B58600A251D3 /* Release */ = {
			isa = XCBuildConfiguration;
			buildSettings = {
				ASSETCATALOG_COMPILER_APPICON_NAME = AppIcon;
				ASSETCATALOG_COMPILER_GLOBAL_ACCENT_COLOR_NAME = AccentColor;
				CODE_SIGN_STYLE = Automatic;
				CURRENT_PROJECT_VERSION = 1;
				GENERATE_INFOPLIST_FILE = YES;
				INFOPLIST_FILE = JokenpoViewCode2.0/Info.plist;
				INFOPLIST_KEY_UIApplicationSupportsIndirectInputEvents = YES;
				INFOPLIST_KEY_UILaunchStoryboardName = LaunchScreen;
				INFOPLIST_KEY_UISupportedInterfaceOrientations_iPad = "UIInterfaceOrientationPortrait UIInterfaceOrientationPortraitUpsideDown UIInterfaceOrientationLandscapeLeft UIInterfaceOrientationLandscapeRight";
				INFOPLIST_KEY_UISupportedInterfaceOrientations_iPhone = "UIInterfaceOrientationPortrait UIInterfaceOrientationLandscapeLeft UIInterfaceOrientationLandscapeRight";
				LD_RUNPATH_SEARCH_PATHS = (
					"$(inherited)",
					"@executable_path/Frameworks",
				);
				MARKETING_VERSION = 1.0;
				PRODUCT_BUNDLE_IDENTIFIER = "Heloisa.JokenpoViewCode2-0";
				PRODUCT_NAME = "$(TARGET_NAME)";
				SWIFT_EMIT_LOC_STRINGS = YES;
				SWIFT_VERSION = 5.0;
				TARGETED_DEVICE_FAMILY = "1,2";
			};
			name = Release;
		};
/* End XCBuildConfiguration section */

/* Begin XCConfigurationList section */
		13DBAAE12875B58500A251D3 /* Build configuration list for PBXProject "JokenpoViewCode2.0" */ = {
			isa = XCConfigurationList;
			buildConfigurations = (
				13DBAAF82875B58600A251D3 /* Debug */,
				13DBAAF92875B58600A251D3 /* Release */,
			);
			defaultConfigurationIsVisible = 0;
			defaultConfigurationName = Release;
		};
		13DBAAFA2875B58600A251D3 /* Build configuration list for PBXNativeTarget "JokenpoViewCode2.0" */ = {
			isa = XCConfigurationList;
			buildConfigurations = (
				13DBAAFB2875B58600A251D3 /* Debug */,
				13DBAAFC2875B58600A251D3 /* Release */,
			);
			defaultConfigurationIsVisible = 0;
			defaultConfigurationName = Release;
		};
/* End XCConfigurationList section */
	};
	rootObject = 13DBAADE2875B58500A251D3 /* Project object */;
}
